
Microsoft Visual Studio Solution File, Format Version 12.00
# Visual Studio Version 17
VisualStudioVersion = 17.5.33530.505
MinimumVisualStudioVersion = 10.0.40219.1
Project("{FAE04EC0-301F-11D3-BF4B-00C04F79EFBC}") = "ASP Seminar", "ASP Seminar\ASP Seminar.csproj", "{F104AE52-DB5E-4D6F-82C7-27C1C579A66B}"
EndProject
Global
	GlobalSection(SolutionConfigurationPlatforms) = preSolution
		Debug|Any CPU = Debug|Any CPU
		Release|Any CPU = Release|Any CPU
	EndGlobalSection
	GlobalSection(ProjectConfigurationPlatforms) = postSolution
		{F104AE52-DB5E-4D6F-82C7-27C1C579A66B}.Debug|Any CPU.ActiveCfg = Debug|Any CPU
		{F104AE52-DB5E-4D6F-82C7-27C1C579A66B}.Debug|Any CPU.Build.0 = Debug|Any CPU
		{F104AE52-DB5E-4D6F-82C7-27C1C579A66B}.Release|Any CPU.ActiveCfg = Release|Any CPU
		{F104AE52-DB5E-4D6F-82C7-27C1C579A66B}.Release|Any CPU.Build.0 = Release|Any CPU
	EndGlobalSection
	GlobalSection(SolutionProperties) = preSolution
		HideSolutionNode = FALSE
	EndGlobalSection
	GlobalSection(ExtensibilityGlobals) = postSolution
		SolutionGuid = {457E34B6-9E1C-4690-AAEC-67619393D05F}
	EndGlobalSection
EndGlobal
